// !$*UTF8*$!
{
	archiveVersion = 1;
	classes = {
	};
	objectVersion = 50;
	objects = {

/* Begin PBXBuildFile section */
		362C49B5213FD987005A5683 /* AppDelegate.m in Sources */ = {isa = PBXBuildFile; fileRef = 362C49B4213FD987005A5683 /* AppDelegate.m */; };
		362C49B8213FD987005A5683 /* ViewController.m in Sources */ = {isa = PBXBuildFile; fileRef = 362C49B7213FD987005A5683 /* ViewController.m */; };
		362C49BB213FD987005A5683 /* Main.storyboard in Resources */ = {isa = PBXBuildFile; fileRef = 362C49B9213FD987005A5683 /* Main.storyboard */; };
		362C49BD213FD987005A5683 /* Assets.xcassets in Resources */ = {isa = PBXBuildFile; fileRef = 362C49BC213FD987005A5683 /* Assets.xcassets */; };
		362C49C0213FD987005A5683 /* LaunchScreen.storyboard in Resources */ = {isa = PBXBuildFile; fileRef = 362C49BE213FD987005A5683 /* LaunchScreen.storyboard */; };
		362C49C3213FD988005A5683 /* main.m in Sources */ = {isa = PBXBuildFile; fileRef = 362C49C2213FD988005A5683 /* main.m */; };
		362C49DB213FDA2B005A5683 /* Person.m in Sources */ = {isa = PBXBuildFile; fileRef = 362C49D7213FDA2B005A5683 /* Person.m */; };
		362C49DC213FDA2B005A5683 /* Stundent.m in Sources */ = {isa = PBXBuildFile; fileRef = 362C49DA213FDA2B005A5683 /* Stundent.m */; };
		362C49DF213FE8E1005A5683 /* BJTStudentTests.m in Sources */ = {isa = PBXBuildFile; fileRef = 362C49DD213FE8E1005A5683 /* BJTStudentTests.m */; };
		362C49E0213FE8E1005A5683 /* BJTPersonTests.m in Sources */ = {isa = PBXBuildFile; fileRef = 362C49DE213FE8E1005A5683 /* BJTPersonTests.m */; };
/* End PBXBuildFile section */

/* Begin PBXContainerItemProxy section */
		362C49C9213FD988005A5683 /* PBXContainerItemProxy */ = {
			isa = PBXContainerItemProxy;
			containerPortal = 362C49A8213FD987005A5683 /* Project object */;
			proxyType = 1;
			remoteGlobalIDString = 362C49AF213FD987005A5683;
			remoteInfo = BJTUnitTestsDemo;
		};
/* End PBXContainerItemProxy section */

/* Begin PBXFileReference section */
		362C49B0213FD987005A5683 /* BJTUnitTestsDemo.app */ = {isa = PBXFileReference; explicitFileType = wrapper.application; includeInIndex = 0; path = BJTUnitTestsDemo.app; sourceTree = BUILT_PRODUCTS_DIR; };
		362C49B3213FD987005A5683 /* AppDelegate.h */ = {isa = PBXFileReference; lastKnownFileType = sourcecode.c.h; path = AppDelegate.h; sourceTree = "<group>"; };
		362C49B4213FD987005A5683 /* AppDelegate.m */ = {isa = PBXFileReference; lastKnownFileType = sourcecode.c.objc; path = AppDelegate.m; sourceTree = "<group>"; };
		362C49B6213FD987005A5683 /* ViewController.h */ = {isa = PBXFileReference; lastKnownFileType = sourcecode.c.h; path = ViewController.h; sourceTree = "<group>"; };
		362C49B7213FD987005A5683 /* ViewController.m */ = {isa = PBXFileReference; lastKnownFileType = sourcecode.c.objc; path = ViewController.m; sourceTree = "<group>"; };
		362C49BA213FD987005A5683 /* Base */ = {isa = PBXFileReference; lastKnownFileType = file.storyboard; name = Base; path = Base.lproj/Main.storyboard; sourceTree = "<group>"; };
		362C49BC213FD987005A5683 /* Assets.xcassets */ = {isa = PBXFileReference; lastKnownFileType = folder.assetcatalog; path = Assets.xcassets; sourceTree = "<group>"; };
		362C49BF213FD987005A5683 /* Base */ = {isa = PBXFileReference; lastKnownFileType = file.storyboard; name = Base; path = Base.lproj/LaunchScreen.storyboard; sourceTree = "<group>"; };
		362C49C1213FD988005A5683 /* Info.plist */ = {isa = PBXFileReference; lastKnownFileType = text.plist.xml; path = Info.plist; sourceTree = "<group>"; };
		362C49C2213FD988005A5683 /* main.m */ = {isa = PBXFileReference; lastKnownFileType = sourcecode.c.objc; path = main.m; sourceTree = "<group>"; };
		362C49C8213FD988005A5683 /* BJTUnitTestsDemoTests.xctest */ = {isa = PBXFileReference; explicitFileType = wrapper.cfbundle; includeInIndex = 0; path = BJTUnitTestsDemoTests.xctest; sourceTree = BUILT_PRODUCTS_DIR; };
		362C49CE213FD988005A5683 /* Info.plist */ = {isa = PBXFileReference; lastKnownFileType = text.plist.xml; path = Info.plist; sourceTree = "<group>"; };
		362C49D7213FDA2B005A5683 /* Person.m */ = {isa = PBXFileReference; fileEncoding = 4; lastKnownFileType = sourcecode.c.objc; path = Person.m; sourceTree = "<group>"; };
		362C49D8213FDA2B005A5683 /* Person.h */ = {isa = PBXFileReference; fileEncoding = 4; lastKnownFileType = sourcecode.c.h; path = Person.h; sourceTree = "<group>"; };
		362C49D9213FDA2B005A5683 /* Stundent.h */ = {isa = PBXFileReference; fileEncoding = 4; lastKnownFileType = sourcecode.c.h; path = Stundent.h; sourceTree = "<group>"; };
		362C49DA213FDA2B005A5683 /* Stundent.m */ = {isa = PBXFileReference; fileEncoding = 4; lastKnownFileType = sourcecode.c.objc; path = Stundent.m; sourceTree = "<group>"; };
		362C49DD213FE8E1005A5683 /* BJTStudentTests.m */ = {isa = PBXFileReference; fileEncoding = 4; lastKnownFileType = sourcecode.c.objc; path = BJTStudentTests.m; sourceTree = "<group>"; };
		362C49DE213FE8E1005A5683 /* BJTPersonTests.m */ = {isa = PBXFileReference; fileEncoding = 4; lastKnownFileType = sourcecode.c.objc; path = BJTPersonTests.m; sourceTree = "<group>"; };
/* End PBXFileReference section */

/* Begin PBXFrameworksBuildPhase section */
		362C49AD213FD987005A5683 /* Frameworks */ = {
			isa = PBXFrameworksBuildPhase;
			buildActionMask = 2147483647;
			files = (
			);
			runOnlyForDeploymentPostprocessing = 0;
		};
		362C49C5213FD988005A5683 /* Frameworks */ = {
			isa = PBXFrameworksBuildPhase;
			buildActionMask = 2147483647;
			files = (
			);
			runOnlyForDeploymentPostprocessing = 0;
		};
/* End PBXFrameworksBuildPhase section */

/* Begin PBXGroup section */
		362C49A7213FD987005A5683 = {
			isa = PBXGroup;
			children = (
				362C49B2213FD987005A5683 /* BJTUnitTestsDemo */,
				362C49CB213FD988005A5683 /* BJTUnitTestsDemoTests */,
				362C49B1213FD987005A5683 /* Products */,
			);
			sourceTree = "<group>";
		};
		362C49B1213FD987005A5683 /* Products */ = {
			isa = PBXGroup;
			children = (
				362C49B0213FD987005A5683 /* BJTUnitTestsDemo.app */,
				362C49C8213FD988005A5683 /* BJTUnitTestsDemoTests.xctest */,
			);
			name = Products;
			sourceTree = "<group>";
		};
		362C49B2213FD987005A5683 /* BJTUnitTestsDemo */ = {
			isa = PBXGroup;
			children = (
				362C49B3213FD987005A5683 /* AppDelegate.h */,
				362C49B4213FD987005A5683 /* AppDelegate.m */,
				362C49B6213FD987005A5683 /* ViewController.h */,
				362C49B7213FD987005A5683 /* ViewController.m */,
				362C49D8213FDA2B005A5683 /* Person.h */,
				362C49D7213FDA2B005A5683 /* Person.m */,
				362C49D9213FDA2B005A5683 /* Stundent.h */,
				362C49DA213FDA2B005A5683 /* Stundent.m */,
				362C49B9213FD987005A5683 /* Main.storyboard */,
				362C49BC213FD987005A5683 /* Assets.xcassets */,
				362C49BE213FD987005A5683 /* LaunchScreen.storyboard */,
				362C49C1213FD988005A5683 /* Info.plist */,
				362C49C2213FD988005A5683 /* main.m */,
			);
			path = BJTUnitTestsDemo;
			sourceTree = "<group>";
		};
		362C49CB213FD988005A5683 /* BJTUnitTestsDemoTests */ = {
			isa = PBXGroup;
			children = (
				362C49DE213FE8E1005A5683 /* BJTPersonTests.m */,
				362C49DD213FE8E1005A5683 /* BJTStudentTests.m */,
				362C49CE213FD988005A5683 /* Info.plist */,
			);
			path = BJTUnitTestsDemoTests;
			sourceTree = "<group>";
		};
/* End PBXGroup section */

/* Begin PBXNativeTarget section */
		362C49AF213FD987005A5683 /* BJTUnitTestsDemo */ = {
			isa = PBXNativeTarget;
			buildConfigurationList = 362C49D1213FD988005A5683 /* Build configuration list for PBXNativeTarget "BJTUnitTestsDemo" */;
			buildPhases = (
				362C49AC213FD987005A5683 /* Sources */,
				362C49AD213FD987005A5683 /* Frameworks */,
				362C49AE213FD987005A5683 /* Resources */,
			);
			buildRules = (
			);
			dependencies = (
			);
			name = BJTUnitTestsDemo;
			productName = BJTUnitTestsDemo;
			productReference = 362C49B0213FD987005A5683 /* BJTUnitTestsDemo.app */;
			productType = "com.apple.product-type.application";
		};
		362C49C7213FD988005A5683 /* BJTUnitTestsDemoTests */ = {
			isa = PBXNativeTarget;
			buildConfigurationList = 362C49D4213FD988005A5683 /* Build configuration list for PBXNativeTarget "BJTUnitTestsDemoTests" */;
			buildPhases = (
				362C49C4213FD988005A5683 /* Sources */,
				362C49C5213FD988005A5683 /* Frameworks */,
				362C49C6213FD988005A5683 /* Resources */,
			);
			buildRules = (
			);
			dependencies = (
				362C49CA213FD988005A5683 /* PBXTargetDependency */,
			);
			name = BJTUnitTestsDemoTests;
			productName = BJTUnitTestsDemoTests;
			productReference = 362C49C8213FD988005A5683 /* BJTUnitTestsDemoTests.xctest */;
			productType = "com.apple.product-type.bundle.unit-test";
		};
/* End PBXNativeTarget section */

/* Begin PBXProject section */
		362C49A8213FD987005A5683 /* Project object */ = {
			isa = PBXProject;
			attributes = {
				LastUpgradeCheck = 0930;
				ORGANIZATIONNAME = fanneng;
				TargetAttributes = {
					362C49AF213FD987005A5683 = {
						CreatedOnToolsVersion = 9.3;
					};
					362C49C7213FD988005A5683 = {
						CreatedOnToolsVersion = 9.3;
						TestTargetID = 362C49AF213FD987005A5683;
					};
				};
			};
			buildConfigurationList = 362C49AB213FD987005A5683 /* Build configuration list for PBXProject "BJTUnitTestsDemo" */;
			compatibilityVersion = "Xcode 9.3";
			developmentRegion = en;
			hasScannedForEncodings = 0;
			knownRegions = (
				en,
				Base,
			);
			mainGroup = 362C49A7213FD987005A5683;
			productRefGroup = 362C49B1213FD987005A5683 /* Products */;
			projectDirPath = "";
			projectRoot = "";
			targets = (
				362C49AF213FD987005A5683 /* BJTUnitTestsDemo */,
				362C49C7213FD988005A5683 /* BJTUnitTestsDemoTests */,
			);
		};
/* End PBXProject section */

/* Begin PBXResourcesBuildPhase section */
		362C49AE213FD987005A5683 /* Resources */ = {
			isa = PBXResourcesBuildPhase;
			buildActionMask = 2147483647;
			files = (
				362C49C0213FD987005A5683 /* LaunchScreen.storyboard in Resources */,
				362C49BD213FD987005A5683 /* Assets.xcassets in Resources */,
				362C49BB213FD987005A5683 /* Main.storyboard in Resources */,
			);
			runOnlyForDeploymentPostprocessing = 0;
		};
		362C49C6213FD988005A5683 /* Resources */ = {
			isa = PBXResourcesBuildPhase;
			buildActionMask = 2147483647;
			files = (
			);
			runOnlyForDeploymentPostprocessing = 0;
		};
/* End PBXResourcesBuildPhase section */

/* Begin PBXSourcesBuildPhase section */
		362C49AC213FD987005A5683 /* Sources */ = {
			isa = PBXSourcesBuildPhase;
			buildActionMask = 2147483647;
			files = (
				362C49B8213FD987005A5683 /* ViewController.m in Sources */,
				362C49DC213FDA2B005A5683 /* Stundent.m in Sources */,
				362C49C3213FD988005A5683 /* main.m in Sources */,
				362C49DB213FDA2B005A5683 /* Person.m in Sources */,
				362C49B5213FD987005A5683 /* AppDelegate.m in Sources */,
			);
			runOnlyForDeploymentPostprocessing = 0;
		};
		362C49C4213FD988005A5683 /* Sources */ = {
			isa = PBXSourcesBuildPhase;
			buildActionMask = 2147483647;
			files = (
				362C49E0213FE8E1005A5683 /* BJTPersonTests.m in Sources */,
				362C49DF213FE8E1005A5683 /* BJTStudentTests.m in Sources */,
			);
			runOnlyForDeploymentPostprocessing = 0;
		};
/* End PBXSourcesBuildPhase section */

/* Begin PBXTargetDependency section */
		362C49CA213FD988005A5683 /* PBXTargetDependency */ = {
			isa = PBXTargetDependency;
			target = 362C49AF213FD987005A5683 /* BJTUnitTestsDemo */;
			targetProxy = 362C49C9213FD988005A5683 /* PBXContainerItemProxy */;
		};
/* End PBXTargetDependency section */

/* Begin PBXVariantGroup section */
		362C49B9213FD987005A5683 /* Main.storyboard */ = {
			isa = PBXVariantGroup;
			children = (
				362C49BA213FD987005A5683 /* Base */,
			);
			name = Main.storyboard;
			sourceTree = "<group>";
		};
		362C49BE213FD987005A5683 /* LaunchScreen.storyboard */ = {
			isa = PBXVariantGroup;
			children = (
				362C49BF213FD987005A5683 /* Base */,
			);
			name = LaunchScreen.storyboard;
			sourceTree = "<group>";
		};
/* End PBXVariantGroup section */

/* Begin XCBuildConfiguration section */
		362C49CF213FD988005A5683 /* Debug */ = {
			isa = XCBuildConfiguration;
			buildSettings = {
				ALWAYS_SEARCH_USER_PATHS = NO;
				CLANG_ANALYZER_NONNULL = YES;
				CLANG_ANALYZER_NUMBER_OBJECT_CONVERSION = YES_AGGRESSIVE;
				CLANG_CXX_LANGUAGE_STANDARD = "gnu++14";
				CLANG_CXX_LIBRARY = "libc++";
				CLANG_ENABLE_MODULES = YES;
				CLANG_ENABLE_OBJC_ARC = YES;
				CLANG_ENABLE_OBJC_WEAK = YES;
				CLANG_WARN_BLOCK_CAPTURE_AUTORELEASING = YES;
				CLANG_WARN_BOOL_CONVERSION = YES;
				CLANG_WARN_COMMA = YES;
				CLANG_WARN_CONSTANT_CONVERSION = YES;
				CLANG_WARN_DEPRECATED_OBJC_IMPLEMENTATIONS = YES;
				CLANG_WARN_DIRECT_OBJC_ISA_USAGE = YES_ERROR;
				CLANG_WARN_DOCUMENTATION_COMMENTS = YES;
				CLANG_WARN_EMPTY_BODY = YES;
				CLANG_WARN_ENUM_CONVERSION = YES;
				CLANG_WARN_INFINITE_RECURSION = YES;
				CLANG_WARN_INT_CONVERSION = YES;
				CLANG_WARN_NON_LITERAL_NULL_CONVERSION = YES;
				CLANG_WARN_OBJC_IMPLICIT_RETAIN_SELF = YES;
				CLANG_WARN_OBJC_LITERAL_CONVERSION = YES;
				CLANG_WARN_OBJC_ROOT_CLASS = YES_ERROR;
				CLANG_WARN_RANGE_LOOP_ANALYSIS = YES;
				CLANG_WARN_STRICT_PROTOTYPES = YES;
				CLANG_WARN_SUSPICIOUS_MOVE = YES;
				CLANG_WARN_UNGUARDED_AVAILABILITY = YES_AGGRESSIVE;
				CLANG_WARN_UNREACHABLE_CODE = YES;
				CLANG_WARN__DUPLICATE_METHOD_MATCH = YES;
				CODE_SIGN_IDENTITY = "iPhone Developer";
				COPY_PHASE_STRIP = NO;
				DEBUG_INFORMATION_FORMAT = dwarf;
				ENABLE_STRICT_OBJC_MSGSEND = YES;
				ENABLE_TESTABILITY = YES;
				GCC_C_LANGUAGE_STANDARD = gnu11;
				GCC_DYNAMIC_NO_PIC = NO;
				GCC_NO_COMMON_BLOCKS = YES;
				GCC_OPTIMIZATION_LEVEL = 0;
				GCC_PREPROCESSOR_DEFINITIONS = (
					"DEBUG=1",
					"$(inherited)",
				);
				GCC_WARN_64_TO_32_BIT_CONVERSION = YES;
				GCC_WARN_ABOUT_RETURN_TYPE = YES_ERROR;
				GCC_WARN_UNDECLARED_SELECTOR = YES;
				GCC_WARN_UNINITIALIZED_AUTOS = YES_AGGRESSIVE;
				GCC_WARN_UNUSED_FUNCTION = YES;
				GCC_WARN_UNUSED_VARIABLE = YES;
				IPHONEOS_DEPLOYMENT_TARGET = 11.3;
				MTL_ENABLE_DEBUG_INFO = YES;
				ONLY_ACTIVE_ARCH = YES;
				SDKROOT = iphoneos;
			};
			name = Debug;
		};
		362C49D0213FD988005A5683 /* Release */ = {
			isa = XCBuildConfiguration;
			buildSettings = {
				ALWAYS_SEARCH_USER_PATHS = NO;
				CLANG_ANALYZER_NONNULL = YES;
				CLANG_ANALYZER_NUMBER_OBJECT_CONVERSION = YES_AGGRESSIVE;
				CLANG_CXX_LANGUAGE_STANDARD = "gnu++14";
				CLANG_CXX_LIBRARY = "libc++";
				CLANG_ENABLE_MODULES = YES;
				CLANG_ENABLE_OBJC_ARC = YES;
				CLANG_ENABLE_OBJC_WEAK = YES;
				CLANG_WARN_BLOCK_CAPTURE_AUTORELEASING = YES;
				CLANG_WARN_BOOL_CONVERSION = YES;
				CLANG_WARN_COMMA = YES;
				CLANG_WARN_CONSTANT_CONVERSION = YES;
				CLANG_WARN_DEPRECATED_OBJC_IMPLEMENTATIONS = YES;
				CLANG_WARN_DIRECT_OBJC_ISA_USAGE = YES_ERROR;
				CLANG_WARN_DOCUMENTATION_COMMENTS = YES;
				CLANG_WARN_EMPTY_BODY = YES;
				CLANG_WARN_ENUM_CONVERSION = YES;
				CLANG_WARN_INFINITE_RECURSION = YES;
				CLANG_WARN_INT_CONVERSION = YES;
				CLANG_WARN_NON_LITERAL_NULL_CONVERSION = YES;
				CLANG_WARN_OBJC_IMPLICIT_RETAIN_SELF = YES;
				CLANG_WARN_OBJC_LITERAL_CONVERSION = YES;
				CLANG_WARN_OBJC_ROOT_CLASS = YES_ERROR;
				CLANG_WARN_RANGE_LOOP_ANALYSIS = YES;
				CLANG_WARN_STRICT_PROTOTYPES = YES;
				CLANG_WARN_SUSPICIOUS_MOVE = YES;
				CLANG_WARN_UNGUARDED_AVAILABILITY = YES_AGGRESSIVE;
				CLANG_WARN_UNREACHABLE_CODE = YES;
				CLANG_WARN__DUPLICATE_METHOD_MATCH = YES;
				CODE_SIGN_IDENTITY = "iPhone Developer";
				COPY_PHASE_STRIP = NO;
				DEBUG_INFORMATION_FORMAT = "dwarf-with-dsym";
				ENABLE_NS_ASSERTIONS = NO;
				ENABLE_STRICT_OBJC_MSGSEND = YES;
				GCC_C_LANGUAGE_STANDARD = gnu11;
				GCC_NO_COMMON_BLOCKS = YES;
				GCC_WARN_64_TO_32_BIT_CONVERSION = YES;
				GCC_WARN_ABOUT_RETURN_TYPE = YES_ERROR;
				GCC_WARN_UNDECLARED_SELECTOR = YES;
				GCC_WARN_UNINITIALIZED_AUTOS = YES_AGGRESSIVE;
				GCC_WARN_UNUSED_FUNCTION = YES;
				GCC_WARN_UNUSED_VARIABLE = YES;
				IPHONEOS_DEPLOYMENT_TARGET = 11.3;
				MTL_ENABLE_DEBUG_INFO = NO;
				SDKROOT = iphoneos;
				VALIDATE_PRODUCT = YES;
			};
			name = Release;
		};
		362C49D2213FD988005A5683 /* Debug */ = {
			isa = XCBuildConfiguration;
			buildSettings = {
				ASSETCATALOG_COMPILER_APPICON_NAME = AppIcon;
				CODE_SIGN_STYLE = Automatic;
				INFOPLIST_FILE = BJTUnitTestsDemo/Info.plist;
				LD_RUNPATH_SEARCH_PATHS = (
					"$(inherited)",
					"@executable_path/Frameworks",
				);
				PRODUCT_BUNDLE_IDENTIFIER = com.fanneng.BJTUnitTestsDemo;
				PRODUCT_NAME = "$(TARGET_NAME)";
				TARGETED_DEVICE_FAMILY = "1,2";
			};
			name = Debug;
		};
		362C49D3213FD988005A5683 /* Release */ = {
			isa = XCBuildConfiguration;
			buildSettings = {
				ASSETCATALOG_COMPILER_APPICON_NAME = AppIcon;
				CODE_SIGN_STYLE = Automatic;
				INFOPLIST_FILE = BJTUnitTestsDemo/Info.plist;
				LD_RUNPATH_SEARCH_PATHS = (
					"$(inherited)",
					"@executable_path/Frameworks",
				);
				PRODUCT_BUNDLE_IDENTIFIER = com.fanneng.BJTUnitTestsDemo;
				PRODUCT_NAME = "$(TARGET_NAME)";
				TARGETED_DEVICE_FAMILY = "1,2";
			};
			name = Release;
		};
		362C49D5213FD988005A5683 /* Debug */ = {
			isa = XCBuildConfiguration;
			buildSettings = {
				BUNDLE_LOADER = "$(TEST_HOST)";
				CODE_SIGN_STYLE = Automatic;
				INFOPLIST_FILE = BJTUnitTestsDemoTests/Info.plist;
				LD_RUNPATH_SEARCH_PATHS = (
					"$(inherited)",
					"@executable_path/Frameworks",
					"@loader_path/Frameworks",
				);
				PRODUCT_BUNDLE_IDENTIFIER = com.fanneng.BJTUnitTestsDemoTests;
				PRODUCT_NAME = "$(TARGET_NAME)";
				TARGETED_DEVICE_FAMILY = "1,2";
				TEST_HOST = "$(BUILT_PRODUCTS_DIR)/BJTUnitTestsDemo.app/BJTUnitTestsDemo";
			};
			name = Debug;
		};
		362C49D6213FD988005A5683 /* Release */ = {
			isa = XCBuildConfiguration;
			buildSettings = {
				BUNDLE_LOADER = "$(TEST_HOST)";
				CODE_SIGN_STYLE = Automatic;
				INFOPLIST_FILE = BJTUnitTestsDemoTests/Info.plist;
				LD_RUNPATH_SEARCH_PATHS = (
					"$(inherited)",
					"@executable_path/Frameworks",
					"@loader_path/Frameworks",
				);
				PRODUCT_BUNDLE_IDENTIFIER = com.fanneng.BJTUnitTestsDemoTests;
				PRODUCT_NAME = "$(TARGET_NAME)";
				TARGETED_DEVICE_FAMILY = "1,2";
				TEST_HOST = "$(BUILT_PRODUCTS_DIR)/BJTUnitTestsDemo.app/BJTUnitTestsDemo";
			};
			name = Release;
		};
/* End XCBuildConfiguration section */

/* Begin XCConfigurationList section */
		362C49AB213FD987005A5683 /* Build configuration list for PBXProject "BJTUnitTestsDemo" */ = {
			isa = XCConfigurationList;
			buildConfigurations = (
				362C49CF213FD988005A5683 /* Debug */,
				362C49D0213FD988005A5683 /* Release */,
			);
			defaultConfigurationIsVisible = 0;
			defaultConfigurationName = Release;
		};
		362C49D1213FD988005A5683 /* Build configuration list for PBXNativeTarget "BJTUnitTestsDemo" */ = {
			isa = XCConfigurationList;
			buildConfigurations = (
				362C49D2213FD988005A5683 /* Debug */,
				362C49D3213FD988005A5683 /* Release */,
			);
			defaultConfigurationIsVisible = 0;
			defaultConfigurationName = Release;
		};
		362C49D4213FD988005A5683 /* Build configuration list for PBXNativeTarget "BJTUnitTestsDemoTests" */ = {
			isa = XCConfigurationList;
			buildConfigurations = (
				362C49D5213FD988005A5683 /* Debug */,
				362C49D6213FD988005A5683 /* Release */,
			);
			defaultConfigurationIsVisible = 0;
			defaultConfigurationName = Release;
		};
/* End XCConfigurationList section */
	};
	rootObject = 362C49A8213FD987005A5683 /* Project object */;
}
